
Microsoft Visual Studio Solution File, Format Version 12.00
# Visual Studio Version 17
VisualStudioVersion = 17.7.34024.191
MinimumVisualStudioVersion = 10.0.40219.1
Project("{FAE04EC0-301F-11D3-BF4B-00C04F79EFBC}") = "CW8_C_Sharp", "CW8_C_Sharp\CW8_C_Sharp.csproj", "{ECF5EAC2-6C90-4267-A00B-FCB3C8182551}"
EndProject
Global
	GlobalSection(SolutionConfigurationPlatforms) = preSolution
		Debug|Any CPU = Debug|Any CPU
		Release|Any CPU = Release|Any CPU
	EndGlobalSection
	GlobalSection(ProjectConfigurationPlatforms) = postSolution
		{ECF5EAC2-6C90-4267-A00B-FCB3C8182551}.Debug|Any CPU.ActiveCfg = Debug|Any CPU
		{ECF5EAC2-6C90-4267-A00B-FCB3C8182551}.Debug|Any CPU.Build.0 = Debug|Any CPU
		{ECF5EAC2-6C90-4267-A00B-FCB3C8182551}.Release|Any CPU.ActiveCfg = Release|Any CPU
		{ECF5EAC2-6C90-4267-A00B-FCB3C8182551}.Release|Any CPU.Build.0 = Release|Any CPU
	EndGlobalSection
	GlobalSection(SolutionProperties) = preSolution
		HideSolutionNode = FALSE
	EndGlobalSection
	GlobalSection(ExtensibilityGlobals) = postSolution
		SolutionGuid = {F638F133-2005-416E-9FD2-303923EE155C}
	EndGlobalSection
EndGlobal
